PODS:
  - SDWebImage (5.14.1):
    - SDWebImage/Core (= 5.14.1)
  - SDWebImage/Core (5.14.1)

DEPENDENCIES:
  - SDWebImage

SPEC REPOS:
  trunk:
    - SDWebImage

SPEC CHECKSUMS:
  SDWebImage: e1b3c38f170c6100130fce6856e423ed9e5f4fce

PODFILE CHECKSUM: 88832c130a5973db3a02b6f08431cdf0526dd65b

COCOAPODS: 1.11.3
